
Microsoft Visual Studio Solution File, Format Version 12.00
# Visual Studio Version 16
VisualStudioVersion = 16.0.31729.503
MinimumVisualStudioVersion = 10.0.40219.1
Project("{FAE04EC0-301F-11D3-BF4B-00C04F79EFBC}") = "7mvc", "7mvc\7mvc.csproj", "{5763A78A-2659-4A90-B144-2A4C25378FA0}"
EndProject
Global
	GlobalSection(SolutionConfigurationPlatforms) = preSolution
		Debug|Any CPU = Debug|Any CPU
		Release|Any CPU = Release|Any CPU
	EndGlobalSection
	GlobalSection(ProjectConfigurationPlatforms) = postSolution
		{5763A78A-2659-4A90-B144-2A4C25378FA0}.Debug|Any CPU.ActiveCfg = Debug|Any CPU
		{5763A78A-2659-4A90-B144-2A4C25378FA0}.Debug|Any CPU.Build.0 = Debug|Any CPU
		{5763A78A-2659-4A90-B144-2A4C25378FA0}.Release|Any CPU.ActiveCfg = Release|Any CPU
		{5763A78A-2659-4A90-B144-2A4C25378FA0}.Release|Any CPU.Build.0 = Release|Any CPU
	EndGlobalSection
	GlobalSection(SolutionProperties) = preSolution
		HideSolutionNode = FALSE
	EndGlobalSection
	GlobalSection(ExtensibilityGlobals) = postSolution
		SolutionGuid = {04112058-07FB-4337-8AB6-29F192A9A3A9}
	EndGlobalSection
EndGlobal
